// !$*UTF8*$!
{
	archiveVersion = 1;
	classes = {
	};
	objectVersion = 55;
	objects = {

/* Begin PBXBuildFile section */
		2458E180278DD9D200534694 /* AppDelegate.swift in Sources */ = {isa = PBXBuildFile; fileRef = 2458E17F278DD9D200534694 /* AppDelegate.swift */; };
		2458E182278DD9D200534694 /* SceneDelegate.swift in Sources */ = {isa = PBXBuildFile; fileRef = 2458E181278DD9D200534694 /* SceneDelegate.swift */; };
		2458E184278DD9D200534694 /* WelcomeViewController.swift in Sources */ = {isa = PBXBuildFile; fileRef = 2458E183278DD9D200534694 /* WelcomeViewController.swift */; };
		2458E187278DD9D200534694 /* Main.storyboard in Resources */ = {isa = PBXBuildFile; fileRef = 2458E185278DD9D200534694 /* Main.storyboard */; };
		2458E189278DD9D600534694 /* Assets.xcassets in Resources */ = {isa = PBXBuildFile; fileRef = 2458E188278DD9D600534694 /* Assets.xcassets */; };
		2458E18C278DD9D600534694 /* LaunchScreen.storyboard in Resources */ = {isa = PBXBuildFile; fileRef = 2458E18A278DD9D600534694 /* LaunchScreen.storyboard */; };
		2458E196278DDE7700534694 /* KCC-eunyoung.ttf in Resources */ = {isa = PBXBuildFile; fileRef = 2458E195278DDE7700534694 /* KCC-eunyoung.ttf */; };
		2458E19A278E5EB100534694 /* MainViewController.swift in Sources */ = {isa = PBXBuildFile; fileRef = 2458E199278E5EB100534694 /* MainViewController.swift */; };
		2458E19C278E7A7100534694 /* AddViewController.swift in Sources */ = {isa = PBXBuildFile; fileRef = 2458E19B278E7A7100534694 /* AddViewController.swift */; };
		2458E19E278ED76800534694 /* Date+Extension.swift in Sources */ = {isa = PBXBuildFile; fileRef = 2458E19D278ED76800534694 /* Date+Extension.swift */; };
		2466AF7C278FCF350002EE0A /* GoogleService-Info.plist in Resources */ = {isa = PBXBuildFile; fileRef = 2466AF7B278FCF350002EE0A /* GoogleService-Info.plist */; };
		E93C92517F70A9E643689512 /* Pods_photoDiary.framework in Frameworks */ = {isa = PBXBuildFile; fileRef = 149A4847163B8049B42DB9C9 /* Pods_photoDiary.framework */; };
/* End PBXBuildFile section */

/* Begin PBXFileReference section */
		149A4847163B8049B42DB9C9 /* Pods_photoDiary.framework */ = {isa = PBXFileReference; explicitFileType = wrapper.framework; includeInIndex = 0; path = Pods_photoDiary.framework; sourceTree = BUILT_PRODUCTS_DIR; };
		2458E17C278DD9D200534694 /* photoDiary.app */ = {isa = PBXFileReference; explicitFileType = wrapper.application; includeInIndex = 0; path = photoDiary.app; sourceTree = BUILT_PRODUCTS_DIR; };
		2458E17F278DD9D200534694 /* AppDelegate.swift */ = {isa = PBXFileReference; lastKnownFileType = sourcecode.swift; path = AppDelegate.swift; sourceTree = "<group>"; };
		2458E181278DD9D200534694 /* SceneDelegate.swift */ = {isa = PBXFileReference; lastKnownFileType = sourcecode.swift; path = SceneDelegate.swift; sourceTree = "<group>"; };
		2458E183278DD9D200534694 /* WelcomeViewController.swift */ = {isa = PBXFileReference; lastKnownFileType = sourcecode.swift; path = WelcomeViewController.swift; sourceTree = "<group>"; };
		2458E186278DD9D200534694 /* Base */ = {isa = PBXFileReference; lastKnownFileType = file.storyboard; name = Base; path = Base.lproj/Main.storyboard; sourceTree = "<group>"; };
		2458E188278DD9D600534694 /* Assets.xcassets */ = {isa = PBXFileReference; lastKnownFileType = folder.assetcatalog; path = Assets.xcassets; sourceTree = "<group>"; };
		2458E18B278DD9D600534694 /* Base */ = {isa = PBXFileReference; lastKnownFileType = file.storyboard; name = Base; path = Base.lproj/LaunchScreen.storyboard; sourceTree = "<group>"; };
		2458E18D278DD9D600534694 /* Info.plist */ = {isa = PBXFileReference; lastKnownFileType = text.plist.xml; path = Info.plist; sourceTree = "<group>"; };
		2458E195278DDE7700534694 /* KCC-eunyoung.ttf */ = {isa = PBXFileReference; lastKnownFileType = file; path = "KCC-eunyoung.ttf"; sourceTree = "<group>"; };
		2458E199278E5EB100534694 /* MainViewController.swift */ = {isa = PBXFileReference; lastKnownFileType = sourcecode.swift; path = MainViewController.swift; sourceTree = "<group>"; };
		2458E19B278E7A7100534694 /* AddViewController.swift */ = {isa = PBXFileReference; lastKnownFileType = sourcecode.swift; path = AddViewController.swift; sourceTree = "<group>"; };
		2458E19D278ED76800534694 /* Date+Extension.swift */ = {isa = PBXFileReference; lastKnownFileType = sourcecode.swift; path = "Date+Extension.swift"; sourceTree = "<group>"; };
		2466AF7B278FCF350002EE0A /* GoogleService-Info.plist */ = {isa = PBXFileReference; fileEncoding = 4; lastKnownFileType = text.plist.xml; path = "GoogleService-Info.plist"; sourceTree = "<group>"; };
		2CA3317CC4EEB63D736089F0 /* Pods-photoDiary.debug.xcconfig */ = {isa = PBXFileReference; includeInIndex = 1; lastKnownFileType = text.xcconfig; name = "Pods-photoDiary.debug.xcconfig"; path = "Target Support Files/Pods-photoDiary/Pods-photoDiary.debug.xcconfig"; sourceTree = "<group>"; };
		DA4AF05EE0D4FF8ABFF59BDF /* Pods-photoDiary.release.xcconfig */ = {isa = PBXFileReference; includeInIndex = 1; lastKnownFileType = text.xcconfig; name = "Pods-photoDiary.release.xcconfig"; path = "Target Support Files/Pods-photoDiary/Pods-photoDiary.release.xcconfig"; sourceTree = "<group>"; };
/* End PBXFileReference section */

/* Begin PBXFrameworksBuildPhase section */
		2458E179278DD9D100534694 /* Frameworks */ = {
			isa = PBXFrameworksBuildPhase;
			buildActionMask = 2147483647;
			files = (
				E93C92517F70A9E643689512 /* Pods_photoDiary.framework in Frameworks */,
			);
			runOnlyForDeploymentPostprocessing = 0;
		};
/* End PBXFrameworksBuildPhase section */

/* Begin PBXGroup section */
		2458E173278DD9D100534694 = {
			isa = PBXGroup;
			children = (
				2458E17E278DD9D200534694 /* photoDiary */,
				2458E17D278DD9D200534694 /* Products */,
				C4F0C37C55C13FBFF5683FF1 /* Pods */,
				8FBF843E4C7A21EB180D1517 /* Frameworks */,
			);
			sourceTree = "<group>";
		};
		2458E17D278DD9D200534694 /* Products */ = {
			isa = PBXGroup;
			children = (
				2458E17C278DD9D200534694 /* photoDiary.app */,
			);
			name = Products;
			sourceTree = "<group>";
		};
		2458E17E278DD9D200534694 /* photoDiary */ = {
			isa = PBXGroup;
			children = (
				2458E193278DDE2B00534694 /* Assets */,
				2458E17F278DD9D200534694 /* AppDelegate.swift */,
				2458E181278DD9D200534694 /* SceneDelegate.swift */,
				2458E183278DD9D200534694 /* WelcomeViewController.swift */,
				2458E199278E5EB100534694 /* MainViewController.swift */,
				2458E19B278E7A7100534694 /* AddViewController.swift */,
				2458E19D278ED76800534694 /* Date+Extension.swift */,
				2458E185278DD9D200534694 /* Main.storyboard */,
				2458E18A278DD9D600534694 /* LaunchScreen.storyboard */,
				2458E18D278DD9D600534694 /* Info.plist */,
				2466AF7B278FCF350002EE0A /* GoogleService-Info.plist */,
			);
			path = photoDiary;
			sourceTree = "<group>";
		};
		2458E193278DDE2B00534694 /* Assets */ = {
			isa = PBXGroup;
			children = (
				2458E188278DD9D600534694 /* Assets.xcassets */,
				2458E194278DDE3300534694 /* Fonts */,
			);
			path = Assets;
			sourceTree = "<group>";
		};
		2458E194278DDE3300534694 /* Fonts */ = {
			isa = PBXGroup;
			children = (
				2458E195278DDE7700534694 /* KCC-eunyoung.ttf */,
			);
			path = Fonts;
			sourceTree = "<group>";
		};
		8FBF843E4C7A21EB180D1517 /* Frameworks */ = {
			isa = PBXGroup;
			children = (
				149A4847163B8049B42DB9C9 /* Pods_photoDiary.framework */,
			);
			name = Frameworks;
			sourceTree = "<group>";
		};
		C4F0C37C55C13FBFF5683FF1 /* Pods */ = {
			isa = PBXGroup;
			children = (
				2CA3317CC4EEB63D736089F0 /* Pods-photoDiary.debug.xcconfig */,
				DA4AF05EE0D4FF8ABFF59BDF /* Pods-photoDiary.release.xcconfig */,
			);
			name = Pods;
			path = Pods;
			sourceTree = "<group>";
		};
/* End PBXGroup section */

/* Begin PBXNativeTarget section */
		2458E17B278DD9D100534694 /* photoDiary */ = {
			isa = PBXNativeTarget;
			buildConfigurationList = 2458E190278DD9D600534694 /* Build configuration list for PBXNativeTarget "photoDiary" */;
			buildPhases = (
				8A7A7FD92EC94A45D2E873FB /* [CP] Check Pods Manifest.lock */,
				2458E178278DD9D100534694 /* Sources */,
				2458E179278DD9D100534694 /* Frameworks */,
				2458E17A278DD9D100534694 /* Resources */,
				0DC43C246FFDAF7668A5DF20 /* [CP] Embed Pods Frameworks */,
			);
			buildRules = (
			);
			dependencies = (
			);
			name = photoDiary;
			productName = photoDiary;
			productReference = 2458E17C278DD9D200534694 /* photoDiary.app */;
			productType = "com.apple.product-type.application";
		};
/* End PBXNativeTarget section */

/* Begin PBXProject section */
		2458E174278DD9D100534694 /* Project object */ = {
			isa = PBXProject;
			attributes = {
				BuildIndependentTargetsInParallel = 1;
				LastSwiftUpdateCheck = 1320;
				LastUpgradeCheck = 1320;
				TargetAttributes = {
					2458E17B278DD9D100534694 = {
						CreatedOnToolsVersion = 13.2.1;
					};
				};
			};
			buildConfigurationList = 2458E177278DD9D100534694 /* Build configuration list for PBXProject "photoDiary" */;
			compatibilityVersion = "Xcode 13.0";
			developmentRegion = en;
			hasScannedForEncodings = 0;
			knownRegions = (
				en,
				Base,
			);
			mainGroup = 2458E173278DD9D100534694;
			productRefGroup = 2458E17D278DD9D200534694 /* Products */;
			projectDirPath = "";
			projectRoot = "";
			targets = (
				2458E17B278DD9D100534694 /* photoDiary */,
			);
		};
/* End PBXProject section */

/* Begin PBXResourcesBuildPhase section */
		2458E17A278DD9D100534694 /* Resources */ = {
			isa = PBXResourcesBuildPhase;
			buildActionMask = 2147483647;
			files = (
				2458E196278DDE7700534694 /* KCC-eunyoung.ttf in Resources */,
				2458E18C278DD9D600534694 /* LaunchScreen.storyboard in Resources */,
				2466AF7C278FCF350002EE0A /* GoogleService-Info.plist in Resources */,
				2458E189278DD9D600534694 /* Assets.xcassets in Resources */,
				2458E187278DD9D200534694 /* Main.storyboard in Resources */,
			);
			runOnlyForDeploymentPostprocessing = 0;
		};
/* End PBXResourcesBuildPhase section */

/* Begin PBXShellScriptBuildPhase section */
		0DC43C246FFDAF7668A5DF20 /* [CP] Embed Pods Frameworks */ = {
			isa = PBXShellScriptBuildPhase;
			buildActionMask = 2147483647;
			files = (
			);
			inputFileListPaths = (
				"${PODS_ROOT}/Target Support Files/Pods-photoDiary/Pods-photoDiary-frameworks-${CONFIGURATION}-input-files.xcfilelist",
			);
			name = "[CP] Embed Pods Frameworks";
			outputFileListPaths = (
				"${PODS_ROOT}/Target Support Files/Pods-photoDiary/Pods-photoDiary-frameworks-${CONFIGURATION}-output-files.xcfilelist",
			);
			runOnlyForDeploymentPostprocessing = 0;
			shellPath = /bin/sh;
			shellScript = "\"${PODS_ROOT}/Target Support Files/Pods-photoDiary/Pods-photoDiary-frameworks.sh\"\n";
			showEnvVarsInLog = 0;
		};
		8A7A7FD92EC94A45D2E873FB /* [CP] Check Pods Manifest.lock */ = {
			isa = PBXShellScriptBuildPhase;
			buildActionMask = 2147483647;
			files = (
			);
			inputFileListPaths = (
			);
			inputPaths = (
				"${PODS_PODFILE_DIR_PATH}/Podfile.lock",
				"${PODS_ROOT}/Manifest.lock",
			);
			name = "[CP] Check Pods Manifest.lock";
			outputFileListPaths = (
			);
			outputPaths = (
				"$(DERIVED_FILE_DIR)/Pods-photoDiary-checkManifestLockResult.txt",
			);
			runOnlyForDeploymentPostprocessing = 0;
			shellPath = /bin/sh;
			shellScript = "diff \"${PODS_PODFILE_DIR_PATH}/Podfile.lock\" \"${PODS_ROOT}/Manifest.lock\" > /dev/null\nif [ $? != 0 ] ; then\n    # print error to STDERR\n    echo \"error: The sandbox is not in sync with the Podfile.lock. Run 'pod install' or update your CocoaPods installation.\" >&2\n    exit 1\nfi\n# This output is used by Xcode 'outputs' to avoid re-running this script phase.\necho \"SUCCESS\" > \"${SCRIPT_OUTPUT_FILE_0}\"\n";
			showEnvVarsInLog = 0;
		};
/* End PBXShellScriptBuildPhase section */

/* Begin PBXSourcesBuildPhase section */
		2458E178278DD9D100534694 /* Sources */ = {
			isa = PBXSourcesBuildPhase;
			buildActionMask = 2147483647;
			files = (
				2458E19C278E7A7100534694 /* AddViewController.swift in Sources */,
				2458E184278DD9D200534694 /* WelcomeViewController.swift in Sources */,
				2458E180278DD9D200534694 /* AppDelegate.swift in Sources */,
				2458E182278DD9D200534694 /* SceneDelegate.swift in Sources */,
				2458E19A278E5EB100534694 /* MainViewController.swift in Sources */,
				2458E19E278ED76800534694 /* Date+Extension.swift in Sources */,
			);
			runOnlyForDeploymentPostprocessing = 0;
		};
/* End PBXSourcesBuildPhase section */

/* Begin PBXVariantGroup section */
		2458E185278DD9D200534694 /* Main.storyboard */ = {
			isa = PBXVariantGroup;
			children = (
				2458E186278DD9D200534694 /* Base */,
			);
			name = Main.storyboard;
			sourceTree = "<group>";
		};
		2458E18A278DD9D600534694 /* LaunchScreen.storyboard */ = {
			isa = PBXVariantGroup;
			children = (
				2458E18B278DD9D600534694 /* Base */,
			);
			name = LaunchScreen.storyboard;
			sourceTree = "<group>";
		};
/* End PBXVariantGroup section */

/* Begin XCBuildConfiguration section */
		2458E18E278DD9D600534694 /* Debug */ = {
			isa = XCBuildConfiguration;
			buildSettings = {
				ALWAYS_SEARCH_USER_PATHS = NO;
				CLANG_ANALYZER_NONNULL = YES;
				CLANG_ANALYZER_NUMBER_OBJECT_CONVERSION = YES_AGGRESSIVE;
				CLANG_CXX_LANGUAGE_STANDARD = "gnu++17";
				CLANG_CXX_LIBRARY = "libc++";
				CLANG_ENABLE_MODULES = YES;
				CLANG_ENABLE_OBJC_ARC = YES;
				CLANG_ENABLE_OBJC_WEAK = YES;
				CLANG_WARN_BLOCK_CAPTURE_AUTORELEASING = YES;
				CLANG_WARN_BOOL_CONVERSION = YES;
				CLANG_WARN_COMMA = YES;
				CLANG_WARN_CONSTANT_CONVERSION = YES;
				CLANG_WARN_DEPRECATED_OBJC_IMPLEMENTATIONS = YES;
				CLANG_WARN_DIRECT_OBJC_ISA_USAGE = YES_ERROR;
				CLANG_WARN_DOCUMENTATION_COMMENTS = YES;
				CLANG_WARN_EMPTY_BODY = YES;
				CLANG_WARN_ENUM_CONVERSION = YES;
				CLANG_WARN_INFINITE_RECURSION = YES;
				CLANG_WARN_INT_CONVERSION = YES;
				CLANG_WARN_NON_LITERAL_NULL_CONVERSION = YES;
				CLANG_WARN_OBJC_IMPLICIT_RETAIN_SELF = YES;
				CLANG_WARN_OBJC_LITERAL_CONVERSION = YES;
				CLANG_WARN_OBJC_ROOT_CLASS = YES_ERROR;
				CLANG_WARN_QUOTED_INCLUDE_IN_FRAMEWORK_HEADER = YES;
				CLANG_WARN_RANGE_LOOP_ANALYSIS = YES;
				CLANG_WARN_STRICT_PROTOTYPES = YES;
				CLANG_WARN_SUSPICIOUS_MOVE = YES;
				CLANG_WARN_UNGUARDED_AVAILABILITY = YES_AGGRESSIVE;
				CLANG_WARN_UNREACHABLE_CODE = YES;
				CLANG_WARN__DUPLICATE_METHOD_MATCH = YES;
				COPY_PHASE_STRIP = NO;
				DEBUG_INFORMATION_FORMAT = dwarf;
				ENABLE_STRICT_OBJC_MSGSEND = YES;
				ENABLE_TESTABILITY = YES;
				GCC_C_LANGUAGE_STANDARD = gnu11;
				GCC_DYNAMIC_NO_PIC = NO;
				GCC_NO_COMMON_BLOCKS = YES;
				GCC_OPTIMIZATION_LEVEL = 0;
				GCC_PREPROCESSOR_DEFINITIONS = (
					"DEBUG=1",
					"$(inherited)",
				);
				GCC_WARN_64_TO_32_BIT_CONVERSION = YES;
				GCC_WARN_ABOUT_RETURN_TYPE = YES_ERROR;
				GCC_WARN_UNDECLARED_SELECTOR = YES;
				GCC_WARN_UNINITIALIZED_AUTOS = YES_AGGRESSIVE;
				GCC_WARN_UNUSED_FUNCTION = YES;
				GCC_WARN_UNUSED_VARIABLE = YES;
				IPHONEOS_DEPLOYMENT_TARGET = 15.2;
				MTL_ENABLE_DEBUG_INFO = INCLUDE_SOURCE;
				MTL_FAST_MATH = YES;
				ONLY_ACTIVE_ARCH = YES;
				SDKROOT = iphoneos;
				SWIFT_ACTIVE_COMPILATION_CONDITIONS = DEBUG;
				SWIFT_OPTIMIZATION_LEVEL = "-Onone";
			};
			name = Debug;
		};
		2458E18F278DD9D600534694 /* Release */ = {
			isa = XCBuildConfiguration;
			buildSettings = {
				ALWAYS_SEARCH_USER_PATHS = NO;
				CLANG_ANALYZER_NONNULL = YES;
				CLANG_ANALYZER_NUMBER_OBJECT_CONVERSION = YES_AGGRESSIVE;
				CLANG_CXX_LANGUAGE_STANDARD = "gnu++17";
				CLANG_CXX_LIBRARY = "libc++";
				CLANG_ENABLE_MODULES = YES;
				CLANG_ENABLE_OBJC_ARC = YES;
				CLANG_ENABLE_OBJC_WEAK = YES;
				CLANG_WARN_BLOCK_CAPTURE_AUTORELEASING = YES;
				CLANG_WARN_BOOL_CONVERSION = YES;
				CLANG_WARN_COMMA = YES;
				CLANG_WARN_CONSTANT_CONVERSION = YES;
				CLANG_WARN_DEPRECATED_OBJC_IMPLEMENTATIONS = YES;
				CLANG_WARN_DIRECT_OBJC_ISA_USAGE = YES_ERROR;
				CLANG_WARN_DOCUMENTATION_COMMENTS = YES;
				CLANG_WARN_EMPTY_BODY = YES;
				CLANG_WARN_ENUM_CONVERSION = YES;
				CLANG_WARN_INFINITE_RECURSION = YES;
				CLANG_WARN_INT_CONVERSION = YES;
				CLANG_WARN_NON_LITERAL_NULL_CONVERSION = YES;
				CLANG_WARN_OBJC_IMPLICIT_RETAIN_SELF = YES;
				CLANG_WARN_OBJC_LITERAL_CONVERSION = YES;
				CLANG_WARN_OBJC_ROOT_CLASS = YES_ERROR;
				CLANG_WARN_QUOTED_INCLUDE_IN_FRAMEWORK_HEADER = YES;
				CLANG_WARN_RANGE_LOOP_ANALYSIS = YES;
				CLANG_WARN_STRICT_PROTOTYPES = YES;
				CLANG_WARN_SUSPICIOUS_MOVE = YES;
				CLANG_WARN_UNGUARDED_AVAILABILITY = YES_AGGRESSIVE;
				CLANG_WARN_UNREACHABLE_CODE = YES;
				CLANG_WARN__DUPLICATE_METHOD_MATCH = YES;
				COPY_PHASE_STRIP = NO;
				DEBUG_INFORMATION_FORMAT = "dwarf-with-dsym";
				ENABLE_NS_ASSERTIONS = NO;
				ENABLE_STRICT_OBJC_MSGSEND = YES;
				GCC_C_LANGUAGE_STANDARD = gnu11;
				GCC_NO_COMMON_BLOCKS = YES;
				GCC_WARN_64_TO_32_BIT_CONVERSION = YES;
				GCC_WARN_ABOUT_RETURN_TYPE = YES_ERROR;
				GCC_WARN_UNDECLARED_SELECTOR = YES;
				GCC_WARN_UNINITIALIZED_AUTOS = YES_AGGRESSIVE;
				GCC_WARN_UNUSED_FUNCTION = YES;
				GCC_WARN_UNUSED_VARIABLE = YES;
				IPHONEOS_DEPLOYMENT_TARGET = 15.2;
				MTL_ENABLE_DEBUG_INFO = NO;
				MTL_FAST_MATH = YES;
				SDKROOT = iphoneos;
				SWIFT_COMPILATION_MODE = wholemodule;
				SWIFT_OPTIMIZATION_LEVEL = "-O";
				VALIDATE_PRODUCT = YES;
			};
			name = Release;
		};
		2458E191278DD9D600534694 /* Debug */ = {
			isa = XCBuildConfiguration;
			baseConfigurationReference = 2CA3317CC4EEB63D736089F0 /* Pods-photoDiary.debug.xcconfig */;
			buildSettings = {
				ASSETCATALOG_COMPILER_APPICON_NAME = AppIcon;
				ASSETCATALOG_COMPILER_GLOBAL_ACCENT_COLOR_NAME = AccentColor;
				CODE_SIGN_STYLE = Automatic;
				CURRENT_PROJECT_VERSION = 1;
				DEVELOPMENT_TEAM = KZ7GPQGAGJ;
				GENERATE_INFOPLIST_FILE = YES;
				INFOPLIST_FILE = photoDiary/Info.plist;
				INFOPLIST_KEY_UIApplicationSupportsIndirectInputEvents = YES;
				INFOPLIST_KEY_UILaunchStoryboardName = LaunchScreen;
				INFOPLIST_KEY_UIMainStoryboardFile = Main;
				INFOPLIST_KEY_UISupportedInterfaceOrientations_iPad = "UIInterfaceOrientationPortrait UIInterfaceOrientationPortraitUpsideDown UIInterfaceOrientationLandscapeLeft UIInterfaceOrientationLandscapeRight";
				INFOPLIST_KEY_UISupportedInterfaceOrientations_iPhone = "UIInterfaceOrientationPortrait UIInterfaceOrientationLandscapeLeft UIInterfaceOrientationLandscapeRight";
				LD_RUNPATH_SEARCH_PATHS = (
					"$(inherited)",
					"@executable_path/Frameworks",
				);
				MARKETING_VERSION = 1.0;
				PRODUCT_BUNDLE_IDENTIFIER = com.gghoneycomb.photoDiary;
				PRODUCT_NAME = "$(TARGET_NAME)";
				SWIFT_EMIT_LOC_STRINGS = YES;
				SWIFT_VERSION = 5.0;
				TARGETED_DEVICE_FAMILY = "1,2";
			};
			name = Debug;
		};
		2458E192278DD9D600534694 /* Release */ = {
			isa = XCBuildConfiguration;
			baseConfigurationReference = DA4AF05EE0D4FF8ABFF59BDF /* Pods-photoDiary.release.xcconfig */;
			buildSettings = {
				ASSETCATALOG_COMPILER_APPICON_NAME = AppIcon;
				ASSETCATALOG_COMPILER_GLOBAL_ACCENT_COLOR_NAME = AccentColor;
				CODE_SIGN_STYLE = Automatic;
				CURRENT_PROJECT_VERSION = 1;
				DEVELOPMENT_TEAM = KZ7GPQGAGJ;
				GENERATE_INFOPLIST_FILE = YES;
				INFOPLIST_FILE = photoDiary/Info.plist;
				INFOPLIST_KEY_UIApplicationSupportsIndirectInputEvents = YES;
				INFOPLIST_KEY_UILaunchStoryboardName = LaunchScreen;
				INFOPLIST_KEY_UIMainStoryboardFile = Main;
				INFOPLIST_KEY_UISupportedInterfaceOrientations_iPad = "UIInterfaceOrientationPortrait UIInterfaceOrientationPortraitUpsideDown UIInterfaceOrientationLandscapeLeft UIInterfaceOrientationLandscapeRight";
				INFOPLIST_KEY_UISupportedInterfaceOrientations_iPhone = "UIInterfaceOrientationPortrait UIInterfaceOrientationLandscapeLeft UIInterfaceOrientationLandscapeRight";
				LD_RUNPATH_SEARCH_PATHS = (
					"$(inherited)",
					"@executable_path/Frameworks",
				);
				MARKETING_VERSION = 1.0;
				PRODUCT_BUNDLE_IDENTIFIER = com.gghoneycomb.photoDiary;
				PRODUCT_NAME = "$(TARGET_NAME)";
				SWIFT_EMIT_LOC_STRINGS = YES;
				SWIFT_VERSION = 5.0;
				TARGETED_DEVICE_FAMILY = "1,2";
			};
			name = Release;
		};
/* End XCBuildConfiguration section */

/* Begin XCConfigurationList section */
		2458E177278DD9D100534694 /* Build configuration list for PBXProject "photoDiary" */ = {
			isa = XCConfigurationList;
			buildConfigurations = (
				2458E18E278DD9D600534694 /* Debug */,
				2458E18F278DD9D600534694 /* Release */,
			);
			defaultConfigurationIsVisible = 0;
			defaultConfigurationName = Release;
		};
		2458E190278DD9D600534694 /* Build configuration list for PBXNativeTarget "photoDiary" */ = {
			isa = XCConfigurationList;
			buildConfigurations = (
				2458E191278DD9D600534694 /* Debug */,
				2458E192278DD9D600534694 /* Release */,
			);
			defaultConfigurationIsVisible = 0;
			defaultConfigurationName = Release;
		};
/* End XCConfigurationList section */
	};
	rootObject = 2458E174278DD9D100534694 /* Project object */;
}
